
Microsoft Visual Studio Solution File, Format Version 12.00
# Visual Studio Version 16
VisualStudioVersion = 16.0.32428.217
MinimumVisualStudioVersion = 10.0.40219.1
Project("{8BC9CEB8-8B4A-11D0-8D11-00A0C91BC942}") = "SimpleFactory", "SimpleFactory\SimpleFactory.vcxproj", "{E605365A-8EAE-4860-8259-F2066BCA273C}"
EndProject
Project("{8BC9CEB8-8B4A-11D0-8D11-00A0C91BC942}") = "Singleton", "Singleton\Singleton.vcxproj", "{EE9619A5-0B5C-428E-8185-A13583AE21EE}"
EndProject
Project("{8BC9CEB8-8B4A-11D0-8D11-00A0C91BC942}") = "Factory", "Factory\Factory.vcxproj", "{1700DA3F-984C-45C3-B8B6-FB4FE65F65FE}"
EndProject
Project("{8BC9CEB8-8B4A-11D0-8D11-00A0C91BC942}") = "IOContainer", "IOContainer\IOContainer.vcxproj", "{957F5766-B097-45E0-9D03-D1ACDFA13BE9}"
EndProject
Project("{8BC9CEB8-8B4A-11D0-8D11-00A0C91BC942}") = "AbstractFactory", "AbstractFactory\AbstractFactory.vcxproj", "{ECF570C1-4F30-4317-9DD8-93C0CE5E2735}"
EndProject
Project("{8BC9CEB8-8B4A-11D0-8D11-00A0C91BC942}") = "AbstractFactoryExt", "AbstractFactoryExt\AbstractFactoryExt.vcxproj", "{F9EE30A0-FC63-4739-911E-B98BBA65C492}"
EndProject
Project("{8BC9CEB8-8B4A-11D0-8D11-00A0C91BC942}") = "Builder", "Builder\Builder.vcxproj", "{D782C678-71AE-4CF0-A04F-6BF5FE7BC7B4}"
EndProject
Project("{8BC9CEB8-8B4A-11D0-8D11-00A0C91BC942}") = "BuilderExt", "BuilderExt\BuilderExt.vcxproj", "{484F4E82-CF0A-455E-ACCA-ABF78FA05F78}"
EndProject
Project("{8BC9CEB8-8B4A-11D0-8D11-00A0C91BC942}") = "ProtoType", "ProtoType\ProtoType.vcxproj", "{61FC29BE-B8A1-49C4-9701-387EC9D604F9}"
EndProject
Project("{8BC9CEB8-8B4A-11D0-8D11-00A0C91BC942}") = "Adapter", "Adapter\Adapter.vcxproj", "{1E5876AA-8BFD-4EAC-A4A8-65316281BA07}"
EndProject
Project("{8BC9CEB8-8B4A-11D0-8D11-00A0C91BC942}") = "STLAdapter", "STLAdapter\STLAdapter.vcxproj", "{606EC72C-AB92-4025-86CC-0E08F54C1BF7}"
EndProject
Project("{8BC9CEB8-8B4A-11D0-8D11-00A0C91BC942}") = "Facade", "Facade\Facade.vcxproj", "{39AAC398-0184-42E9-BE79-EFEBFBCECCF7}"
EndProject
Project("{8BC9CEB8-8B4A-11D0-8D11-00A0C91BC942}") = "Flyweight", "Flyweight\Flyweight.vcxproj", "{7F6B6AB7-2EE5-41F3-A12A-F6326E1D11A9}"
EndProject
Project("{8BC9CEB8-8B4A-11D0-8D11-00A0C91BC942}") = "FlyweightExt", "FlyweightExt\FlyweightExt.vcxproj", "{8DEE00ED-B952-4AB8-B816-69055C56F05D}"
EndProject
Global
	GlobalSection(SolutionConfigurationPlatforms) = preSolution
		Debug|x64 = Debug|x64
		Debug|x86 = Debug|x86
		Release|x64 = Release|x64
		Release|x86 = Release|x86
	EndGlobalSection
	GlobalSection(ProjectConfigurationPlatforms) = postSolution
		{E605365A-8EAE-4860-8259-F2066BCA273C}.Debug|x64.ActiveCfg = Debug|x64
		{E605365A-8EAE-4860-8259-F2066BCA273C}.Debug|x64.Build.0 = Debug|x64
		{E605365A-8EAE-4860-8259-F2066BCA273C}.Debug|x86.ActiveCfg = Debug|Win32
		{E605365A-8EAE-4860-8259-F2066BCA273C}.Debug|x86.Build.0 = Debug|Win32
		{E605365A-8EAE-4860-8259-F2066BCA273C}.Release|x64.ActiveCfg = Release|x64
		{E605365A-8EAE-4860-8259-F2066BCA273C}.Release|x64.Build.0 = Release|x64
		{E605365A-8EAE-4860-8259-F2066BCA273C}.Release|x86.ActiveCfg = Release|Win32
		{E605365A-8EAE-4860-8259-F2066BCA273C}.Release|x86.Build.0 = Release|Win32
		{EE9619A5-0B5C-428E-8185-A13583AE21EE}.Debug|x64.ActiveCfg = Debug|x64
		{EE9619A5-0B5C-428E-8185-A13583AE21EE}.Debug|x64.Build.0 = Debug|x64
		{EE9619A5-0B5C-428E-8185-A13583AE21EE}.Debug|x86.ActiveCfg = Debug|Win32
		{EE9619A5-0B5C-428E-8185-A13583AE21EE}.Debug|x86.Build.0 = Debug|Win32
		{EE9619A5-0B5C-428E-8185-A13583AE21EE}.Release|x64.ActiveCfg = Release|x64
		{EE9619A5-0B5C-428E-8185-A13583AE21EE}.Release|x64.Build.0 = Release|x64
		{EE9619A5-0B5C-428E-8185-A13583AE21EE}.Release|x86.ActiveCfg = Release|Win32
		{EE9619A5-0B5C-428E-8185-A13583AE21EE}.Release|x86.Build.0 = Release|Win32
		{1700DA3F-984C-45C3-B8B6-FB4FE65F65FE}.Debug|x64.ActiveCfg = Debug|x64
		{1700DA3F-984C-45C3-B8B6-FB4FE65F65FE}.Debug|x64.Build.0 = Debug|x64
		{1700DA3F-984C-45C3-B8B6-FB4FE65F65FE}.Debug|x86.ActiveCfg = Debug|Win32
		{1700DA3F-984C-45C3-B8B6-FB4FE65F65FE}.Debug|x86.Build.0 = Debug|Win32
		{1700DA3F-984C-45C3-B8B6-FB4FE65F65FE}.Release|x64.ActiveCfg = Release|x64
		{1700DA3F-984C-45C3-B8B6-FB4FE65F65FE}.Release|x64.Build.0 = Release|x64
		{1700DA3F-984C-45C3-B8B6-FB4FE65F65FE}.Release|x86.ActiveCfg = Release|Win32
		{1700DA3F-984C-45C3-B8B6-FB4FE65F65FE}.Release|x86.Build.0 = Release|Win32
		{957F5766-B097-45E0-9D03-D1ACDFA13BE9}.Debug|x64.ActiveCfg = Debug|x64
		{957F5766-B097-45E0-9D03-D1ACDFA13BE9}.Debug|x64.Build.0 = Debug|x64
		{957F5766-B097-45E0-9D03-D1ACDFA13BE9}.Debug|x86.ActiveCfg = Debug|Win32
		{957F5766-B097-45E0-9D03-D1ACDFA13BE9}.Debug|x86.Build.0 = Debug|Win32
		{957F5766-B097-45E0-9D03-D1ACDFA13BE9}.Release|x64.ActiveCfg = Release|x64
		{957F5766-B097-45E0-9D03-D1ACDFA13BE9}.Release|x64.Build.0 = Release|x64
		{957F5766-B097-45E0-9D03-D1ACDFA13BE9}.Release|x86.ActiveCfg = Release|Win32
		{957F5766-B097-45E0-9D03-D1ACDFA13BE9}.Release|x86.Build.0 = Release|Win32
		{ECF570C1-4F30-4317-9DD8-93C0CE5E2735}.Debug|x64.ActiveCfg = Debug|x64
		{ECF570C1-4F30-4317-9DD8-93C0CE5E2735}.Debug|x64.Build.0 = Debug|x64
		{ECF570C1-4F30-4317-9DD8-93C0CE5E2735}.Debug|x86.ActiveCfg = Debug|Win32
		{ECF570C1-4F30-4317-9DD8-93C0CE5E2735}.Debug|x86.Build.0 = Debug|Win32
		{ECF570C1-4F30-4317-9DD8-93C0CE5E2735}.Release|x64.ActiveCfg = Release|x64
		{ECF570C1-4F30-4317-9DD8-93C0CE5E2735}.Release|x64.Build.0 = Release|x64
		{ECF570C1-4F30-4317-9DD8-93C0CE5E2735}.Release|x86.ActiveCfg = Release|Win32
		{ECF570C1-4F30-4317-9DD8-93C0CE5E2735}.Release|x86.Build.0 = Release|Win32
		{F9EE30A0-FC63-4739-911E-B98BBA65C492}.Debug|x64.ActiveCfg = Debug|x64
		{F9EE30A0-FC63-4739-911E-B98BBA65C492}.Debug|x64.Build.0 = Debug|x64
		{F9EE30A0-FC63-4739-911E-B98BBA65C492}.Debug|x86.ActiveCfg = Debug|Win32
		{F9EE30A0-FC63-4739-911E-B98BBA65C492}.Debug|x86.Build.0 = Debug|Win32
		{F9EE30A0-FC63-4739-911E-B98BBA65C492}.Release|x64.ActiveCfg = Release|x64
		{F9EE30A0-FC63-4739-911E-B98BBA65C492}.Release|x64.Build.0 = Release|x64
		{F9EE30A0-FC63-4739-911E-B98BBA65C492}.Release|x86.ActiveCfg = Release|Win32
		{F9EE30A0-FC63-4739-911E-B98BBA65C492}.Release|x86.Build.0 = Release|Win32
		{D782C678-71AE-4CF0-A04F-6BF5FE7BC7B4}.Debug|x64.ActiveCfg = Debug|x64
		{D782C678-71AE-4CF0-A04F-6BF5FE7BC7B4}.Debug|x64.Build.0 = Debug|x64
		{D782C678-71AE-4CF0-A04F-6BF5FE7BC7B4}.Debug|x86.ActiveCfg = Debug|Win32
		{D782C678-71AE-4CF0-A04F-6BF5FE7BC7B4}.Debug|x86.Build.0 = Debug|Win32
		{D782C678-71AE-4CF0-A04F-6BF5FE7BC7B4}.Release|x64.ActiveCfg = Release|x64
		{D782C678-71AE-4CF0-A04F-6BF5FE7BC7B4}.Release|x64.Build.0 = Release|x64
		{D782C678-71AE-4CF0-A04F-6BF5FE7BC7B4}.Release|x86.ActiveCfg = Release|Win32
		{D782C678-71AE-4CF0-A04F-6BF5FE7BC7B4}.Release|x86.Build.0 = Release|Win32
		{484F4E82-CF0A-455E-ACCA-ABF78FA05F78}.Debug|x64.ActiveCfg = Debug|x64
		{484F4E82-CF0A-455E-ACCA-ABF78FA05F78}.Debug|x64.Build.0 = Debug|x64
		{484F4E82-CF0A-455E-ACCA-ABF78FA05F78}.Debug|x86.ActiveCfg = Debug|Win32
		{484F4E82-CF0A-455E-ACCA-ABF78FA05F78}.Debug|x86.Build.0 = Debug|Win32
		{484F4E82-CF0A-455E-ACCA-ABF78FA05F78}.Release|x64.ActiveCfg = Release|x64
		{484F4E82-CF0A-455E-ACCA-ABF78FA05F78}.Release|x64.Build.0 = Release|x64
		{484F4E82-CF0A-455E-ACCA-ABF78FA05F78}.Release|x86.ActiveCfg = Release|Win32
		{484F4E82-CF0A-455E-ACCA-ABF78FA05F78}.Release|x86.Build.0 = Release|Win32
		{61FC29BE-B8A1-49C4-9701-387EC9D604F9}.Debug|x64.ActiveCfg = Debug|x64
		{61FC29BE-B8A1-49C4-9701-387EC9D604F9}.Debug|x64.Build.0 = Debug|x64
		{61FC29BE-B8A1-49C4-9701-387EC9D604F9}.Debug|x86.ActiveCfg = Debug|Win32
		{61FC29BE-B8A1-49C4-9701-387EC9D604F9}.Debug|x86.Build.0 = Debug|Win32
		{61FC29BE-B8A1-49C4-9701-387EC9D604F9}.Release|x64.ActiveCfg = Release|x64
		{61FC29BE-B8A1-49C4-9701-387EC9D604F9}.Release|x64.Build.0 = Release|x64
		{61FC29BE-B8A1-49C4-9701-387EC9D604F9}.Release|x86.ActiveCfg = Release|Win32
		{61FC29BE-B8A1-49C4-9701-387EC9D604F9}.Release|x86.Build.0 = Release|Win32
		{1E5876AA-8BFD-4EAC-A4A8-65316281BA07}.Debug|x64.ActiveCfg = Debug|x64
		{1E5876AA-8BFD-4EAC-A4A8-65316281BA07}.Debug|x64.Build.0 = Debug|x64
		{1E5876AA-8BFD-4EAC-A4A8-65316281BA07}.Debug|x86.ActiveCfg = Debug|Win32
		{1E5876AA-8BFD-4EAC-A4A8-65316281BA07}.Debug|x86.Build.0 = Debug|Win32
		{1E5876AA-8BFD-4EAC-A4A8-65316281BA07}.Release|x64.ActiveCfg = Release|x64
		{1E5876AA-8BFD-4EAC-A4A8-65316281BA07}.Release|x64.Build.0 = Release|x64
		{1E5876AA-8BFD-4EAC-A4A8-65316281BA07}.Release|x86.ActiveCfg = Release|Win32
		{1E5876AA-8BFD-4EAC-A4A8-65316281BA07}.Release|x86.Build.0 = Release|Win32
		{606EC72C-AB92-4025-86CC-0E08F54C1BF7}.Debug|x64.ActiveCfg = Debug|x64
		{606EC72C-AB92-4025-86CC-0E08F54C1BF7}.Debug|x64.Build.0 = Debug|x64
		{606EC72C-AB92-4025-86CC-0E08F54C1BF7}.Debug|x86.ActiveCfg = Debug|Win32
		{606EC72C-AB92-4025-86CC-0E08F54C1BF7}.Debug|x86.Build.0 = Debug|Win32
		{606EC72C-AB92-4025-86CC-0E08F54C1BF7}.Release|x64.ActiveCfg = Release|x64
		{606EC72C-AB92-4025-86CC-0E08F54C1BF7}.Release|x64.Build.0 = Release|x64
		{606EC72C-AB92-4025-86CC-0E08F54C1BF7}.Release|x86.ActiveCfg = Release|Win32
		{606EC72C-AB92-4025-86CC-0E08F54C1BF7}.Release|x86.Build.0 = Release|Win32
		{39AAC398-0184-42E9-BE79-EFEBFBCECCF7}.Debug|x64.ActiveCfg = Debug|x64
		{39AAC398-0184-42E9-BE79-EFEBFBCECCF7}.Debug|x64.Build.0 = Debug|x64
		{39AAC398-0184-42E9-BE79-EFEBFBCECCF7}.Debug|x86.ActiveCfg = Debug|Win32
		{39AAC398-0184-42E9-BE79-EFEBFBCECCF7}.Debug|x86.Build.0 = Debug|Win32
		{39AAC398-0184-42E9-BE79-EFEBFBCECCF7}.Release|x64.ActiveCfg = Release|x64
		{39AAC398-0184-42E9-BE79-EFEBFBCECCF7}.Release|x64.Build.0 = Release|x64
		{39AAC398-0184-42E9-BE79-EFEBFBCECCF7}.Release|x86.ActiveCfg = Release|Win32
		{39AAC398-0184-42E9-BE79-EFEBFBCECCF7}.Release|x86.Build.0 = Release|Win32
		{7F6B6AB7-2EE5-41F3-A12A-F6326E1D11A9}.Debug|x64.ActiveCfg = Debug|x64
		{7F6B6AB7-2EE5-41F3-A12A-F6326E1D11A9}.Debug|x64.Build.0 = Debug|x64
		{7F6B6AB7-2EE5-41F3-A12A-F6326E1D11A9}.Debug|x86.ActiveCfg = Debug|Win32
		{7F6B6AB7-2EE5-41F3-A12A-F6326E1D11A9}.Debug|x86.Build.0 = Debug|Win32
		{7F6B6AB7-2EE5-41F3-A12A-F6326E1D11A9}.Release|x64.ActiveCfg = Release|x64
		{7F6B6AB7-2EE5-41F3-A12A-F6326E1D11A9}.Release|x64.Build.0 = Release|x64
		{7F6B6AB7-2EE5-41F3-A12A-F6326E1D11A9}.Release|x86.ActiveCfg = Release|Win32
		{7F6B6AB7-2EE5-41F3-A12A-F6326E1D11A9}.Release|x86.Build.0 = Release|Win32
		{8DEE00ED-B952-4AB8-B816-69055C56F05D}.Debug|x64.ActiveCfg = Debug|x64
		{8DEE00ED-B952-4AB8-B816-69055C56F05D}.Debug|x64.Build.0 = Debug|x64
		{8DEE00ED-B952-4AB8-B816-69055C56F05D}.Debug|x86.ActiveCfg = Debug|Win32
		{8DEE00ED-B952-4AB8-B816-69055C56F05D}.Debug|x86.Build.0 = Debug|Win32
		{8DEE00ED-B952-4AB8-B816-69055C56F05D}.Release|x64.ActiveCfg = Release|x64
		{8DEE00ED-B952-4AB8-B816-69055C56F05D}.Release|x64.Build.0 = Release|x64
		{8DEE00ED-B952-4AB8-B816-69055C56F05D}.Release|x86.ActiveCfg = Release|Win32
		{8DEE00ED-B952-4AB8-B816-69055C56F05D}.Release|x86.Build.0 = Release|Win32
	EndGlobalSection
	GlobalSection(SolutionProperties) = preSolution
		HideSolutionNode = FALSE
	EndGlobalSection
	GlobalSection(ExtensibilityGlobals) = postSolution
		SolutionGuid = {E2C4E333-C6BB-4F72-BC28-7290BBB195F8}
	EndGlobalSection
EndGlobal
